uuid: bd5afea9-647e-4e2e-a6c2-169fff56e629
langcode: en
status: true
dependencies:
  content:
    - 'block_content:component_block:b0dd7f75-a7aa-420f-bc86-eb5778dc3a54'
  module:
    - block_content
    - ctools
  theme:
    - afro_theme
id: upnextblock
theme: afro_theme
region: content
weight: 2
provider: null
plugin: 'block_content:b0dd7f75-a7aa-420f-bc86-eb5778dc3a54'
settings:
  id: 'block_content:b0dd7f75-a7aa-420f-bc86-eb5778dc3a54'
  label: 'Up next block'
  provider: block_content
  label_display: '0'
  status: true
  info: ''
  view_mode: full
visibility:
  'entity_bundle:node':
    id: 'entity_bundle:node'
    bundles:
      article: article
    negate: false
    context_mapping:
      node: '@node.node_route_context:node'
